
Microsoft Visual Studio Solution File, Format Version 12.00
# Visual Studio 15
VisualStudioVersion = 15.0.27004.2009
MinimumVisualStudioVersion = 10.0.40219.1
Project("{FAE04EC0-301F-11D3-BF4B-00C04F79EFBC}") = "csharp-6", "csharp-atualizacoes-estudio\csharp-6.csproj", "{DB20CB5E-797B-40A4-931B-D5E75A4B722F}"
EndProject
Global
	GlobalSection(SolutionConfigurationPlatforms) = preSolution
		Debug|Any CPU = Debug|Any CPU
		Release|Any CPU = Release|Any CPU
	EndGlobalSection
	GlobalSection(ProjectConfigurationPlatforms) = postSolution
		{DB20CB5E-797B-40A4-931B-D5E75A4B722F}.Debug|Any CPU.ActiveCfg = Debug|Any CPU
		{DB20CB5E-797B-40A4-931B-D5E75A4B722F}.Debug|Any CPU.Build.0 = Debug|Any CPU
		{DB20CB5E-797B-40A4-931B-D5E75A4B722F}.Release|Any CPU.ActiveCfg = Release|Any CPU
		{DB20CB5E-797B-40A4-931B-D5E75A4B722F}.Release|Any CPU.Build.0 = Release|Any CPU
	EndGlobalSection
	GlobalSection(SolutionProperties) = preSolution
		HideSolutionNode = FALSE
	EndGlobalSection
	GlobalSection(ExtensibilityGlobals) = postSolution
		SolutionGuid = {A00C888D-0A96-408E-8DFC-FEA6214BE1A7}
	EndGlobalSection
EndGlobal
